
Microsoft Visual Studio Solution File, Format Version 12.00
# Visual Studio Version 16
VisualStudioVersion = 16.0.30309.148
MinimumVisualStudioVersion = 10.0.40219.1
Project("{FAE04EC0-301F-11D3-BF4B-00C04F79EFBC}") = "07292020_gettoknowyourclassmates", "07292020_gettoknowyourclassmates.csproj", "{7B272ABA-42B5-434C-AB80-3516EE6A93C4}"
EndProject
Global
	GlobalSection(SolutionConfigurationPlatforms) = preSolution
		Debug|Any CPU = Debug|Any CPU
		Release|Any CPU = Release|Any CPU
	EndGlobalSection
	GlobalSection(ProjectConfigurationPlatforms) = postSolution
		{7B272ABA-42B5-434C-AB80-3516EE6A93C4}.Debug|Any CPU.ActiveCfg = Debug|Any CPU
		{7B272ABA-42B5-434C-AB80-3516EE6A93C4}.Debug|Any CPU.Build.0 = Debug|Any CPU
		{7B272ABA-42B5-434C-AB80-3516EE6A93C4}.Release|Any CPU.ActiveCfg = Release|Any CPU
		{7B272ABA-42B5-434C-AB80-3516EE6A93C4}.Release|Any CPU.Build.0 = Release|Any CPU
	EndGlobalSection
	GlobalSection(SolutionProperties) = preSolution
		HideSolutionNode = FALSE
	EndGlobalSection
	GlobalSection(ExtensibilityGlobals) = postSolution
		SolutionGuid = {2C41FAB1-E3F9-467E-8D29-326B0A423108}
	EndGlobalSection
EndGlobal
